<Solution>
  <Folder Name="/src/" />
  <Folder Name="/src/NetworkA/">
    <Project Path="../../../../../../../../Programing/Projects/Dintinct/src/NetworkA/NetworkA.Decomposition.Workflow/NetworkA.Decomposition.Workflow.csproj" />
    <Project Path="../../../../../../../../Programing/Projects/Dintinct/src/NetworkA/NetworkA.FileProcessing/NetworkA.FileProcessing.csproj" />
  </Folder>
  <Folder Name="/src/NetworkA/Activities/">
    <Project Path="../../../../../../../../Programing/Projects/Dintinct/src/NetworkA/Activities/NetworkA.Activities.HeavyProcessing/NetworkA.Activities.HeavyProcessing.csproj" />
    <Project Path="../../../../../../../../Programing/Projects/Dintinct/src/NetworkA/Activities/NetworkA.Activities.Manifest/NetworkA.Activities.Manifest.csproj" />
  </Folder>
  <Folder Name="/src/NetworkA/Listeners/">
    <Project Path="../../../../../../../../Programing/Projects/Dintinct/src/NetworkA/NetworkA.DirectoryListener.Service/NetworkA.DirectoryListener.Service.csproj" />
    <Project Path="../../../../../../../../Programing/Projects/Dintinct/src/NetworkA/NetworkA.Ingestion.API/NetworkA.Ingestion.API.csproj" />
  </Folder>
  <Folder Name="/src/NetworkB/">
    <Project Path="../../../../../../../../Programing/Projects/Dintinct/src/NetworkB/NetworkB.Assembly.Workflow/NetworkB.Assembly.Workflow.csproj" />
    <Project Path="../../../../../../../../Programing/Projects/Dintinct/src/NetworkB/NetworkB.FileAssembly/NetworkB.FileAssembly.csproj" />
    <Project Path="../../../../../../../../Programing/Projects/Dintinct/src/NetworkB/NetworkB.ProxyListener.Service/NetworkB.ProxyListener.Service.csproj" />
  </Folder>
  <Folder Name="/src/NetworkB/Activities/">
    <Project Path="../../../../../../../../Programing/Projects/Dintinct/src/NetworkB/Activities/NetworkB.Activities.HeavyAssembly/NetworkB.Activities.HeavyAssembly.csproj" />
    <Project Path="../../../../../../../../Programing/Projects/Dintinct/src/NetworkB/Activities/NetworkB.Activities.ManifestState/NetworkB.Activities.ManifestState.csproj" />
    <Project Path="../../../../../../../../Programing/Projects/Dintinct/src/NetworkB/Activities/NetworkB.Activities.Reporting/NetworkB.Activities.Reporting.csproj" />
  </Folder>
  <Folder Name="/src/Shared/">
    <File Path="src/Shared/logging.json" />
    <Project Path="../../../../../../../../Programing/Projects/Dintinct/src/Shared/Shared.Contracts/Shared.Contracts.csproj" />
    <Project Path="../../../../../../../../Programing/Projects/Dintinct/src/Shared/Shared.Infrastructure/Shared.Infrastructure.csproj" />
  </Folder>
  <Folder Name="/src/Proxy/">
    <Project Path="../../../../../../../../Programing/Projects/Dintinct/src/Proxy/Proxy.MockService/Proxy.MockService.csproj" />
  </Folder>
</Solution>
